
Microsoft Visual Studio Solution File, Format Version 12.00
Project("{FAE04EC0-301F-11D3-BF4B-00C04F79EFBC}") = "Ywxt.Novel", "Ywxt.Novel\Ywxt.Novel.csproj", "{F12DDDAC-43FF-4EA9-B2D2-C86384B65B6A}"
EndProject
Global
	GlobalSection(SolutionConfigurationPlatforms) = preSolution
		Debug|Any CPU = Debug|Any CPU
		Release|Any CPU = Release|Any CPU
	EndGlobalSection
	GlobalSection(ProjectConfigurationPlatforms) = postSolution
		{F12DDDAC-43FF-4EA9-B2D2-C86384B65B6A}.Debug|Any CPU.ActiveCfg = Debug|Any CPU
		{F12DDDAC-43FF-4EA9-B2D2-C86384B65B6A}.Debug|Any CPU.Build.0 = Debug|Any CPU
		{F12DDDAC-43FF-4EA9-B2D2-C86384B65B6A}.Release|Any CPU.ActiveCfg = Release|Any CPU
		{F12DDDAC-43FF-4EA9-B2D2-C86384B65B6A}.Release|Any CPU.Build.0 = Release|Any CPU
	EndGlobalSection
EndGlobal
